// !$*UTF8*$!
{
	archiveVersion = 1;
	classes = {
	};
	objectVersion = 56;
	objects = {

/* Begin PBXBuildFile section */
		661149E129A745F600BA0915 /* AppDelegate.swift in Sources */ = {isa = PBXBuildFile; fileRef = 661149E029A745F600BA0915 /* AppDelegate.swift */; };
		661149E329A745F600BA0915 /* SceneDelegate.swift in Sources */ = {isa = PBXBuildFile; fileRef = 661149E229A745F600BA0915 /* SceneDelegate.swift */; };
		661149E529A745F600BA0915 /* SearchMainViewController.swift in Sources */ = {isa = PBXBuildFile; fileRef = 661149E429A745F600BA0915 /* SearchMainViewController.swift */; };
		661149E829A745F600BA0915 /* Main.storyboard in Resources */ = {isa = PBXBuildFile; fileRef = 661149E629A745F600BA0915 /* Main.storyboard */; };
		661149EA29A745F700BA0915 /* Assets.xcassets in Resources */ = {isa = PBXBuildFile; fileRef = 661149E929A745F700BA0915 /* Assets.xcassets */; };
		661149ED29A745F700BA0915 /* LaunchScreen.storyboard in Resources */ = {isa = PBXBuildFile; fileRef = 661149EB29A745F700BA0915 /* LaunchScreen.storyboard */; };
		661149F829A745F800BA0915 /* GIthubSearchCloneTests.swift in Sources */ = {isa = PBXBuildFile; fileRef = 661149F729A745F800BA0915 /* GIthubSearchCloneTests.swift */; };
		66114A0229A745F800BA0915 /* GIthubSearchCloneUITests.swift in Sources */ = {isa = PBXBuildFile; fileRef = 66114A0129A745F800BA0915 /* GIthubSearchCloneUITests.swift */; };
		66114A0429A745F800BA0915 /* GIthubSearchCloneUITestsLaunchTests.swift in Sources */ = {isa = PBXBuildFile; fileRef = 66114A0329A745F800BA0915 /* GIthubSearchCloneUITestsLaunchTests.swift */; };
		66114A1C29A74E6000BA0915 /* SnapKit in Frameworks */ = {isa = PBXBuildFile; productRef = 66114A1B29A74E6000BA0915 /* SnapKit */; };
		66114A1E29A74F5C00BA0915 /* APIType.swift in Sources */ = {isa = PBXBuildFile; fileRef = 66114A1D29A74F5C00BA0915 /* APIType.swift */; };
		66114A2029A74F7D00BA0915 /* SearchAPI.swift in Sources */ = {isa = PBXBuildFile; fileRef = 66114A1F29A74F7D00BA0915 /* SearchAPI.swift */; };
		66114A2529A750DA00BA0915 /* SortType.swift in Sources */ = {isa = PBXBuildFile; fileRef = 66114A2429A750DA00BA0915 /* SortType.swift */; };
		66114A2729A750DF00BA0915 /* OrderType.swift in Sources */ = {isa = PBXBuildFile; fileRef = 66114A2629A750DF00BA0915 /* OrderType.swift */; };
		66114A2929A7518200BA0915 /* SearchParameters.swift in Sources */ = {isa = PBXBuildFile; fileRef = 66114A2829A7518200BA0915 /* SearchParameters.swift */; };
		66114A2C29A7527E00BA0915 /* Localization.swift in Sources */ = {isa = PBXBuildFile; fileRef = 66114A2B29A7527E00BA0915 /* Localization.swift */; };
		66114A2E29A7538E00BA0915 /* SessionManager.swift in Sources */ = {isa = PBXBuildFile; fileRef = 66114A2D29A7538E00BA0915 /* SessionManager.swift */; };
		66114A3129A754AB00BA0915 /* RxBlocking in Frameworks */ = {isa = PBXBuildFile; productRef = 66114A3029A754AB00BA0915 /* RxBlocking */; };
		66114A3329A754AB00BA0915 /* RxCocoa in Frameworks */ = {isa = PBXBuildFile; productRef = 66114A3229A754AB00BA0915 /* RxCocoa */; };
		66114A3529A754AB00BA0915 /* RxRelay in Frameworks */ = {isa = PBXBuildFile; productRef = 66114A3429A754AB00BA0915 /* RxRelay */; };
		66114A3729A754AB00BA0915 /* RxSwift in Frameworks */ = {isa = PBXBuildFile; productRef = 66114A3629A754AB00BA0915 /* RxSwift */; };
		66114A3A29A7575800BA0915 /* SearchResponse.swift in Sources */ = {isa = PBXBuildFile; fileRef = 66114A3929A7575800BA0915 /* SearchResponse.swift */; };
		66114A3D29A759B100BA0915 /* SearchService.swift in Sources */ = {isa = PBXBuildFile; fileRef = 66114A3C29A759B100BA0915 /* SearchService.swift */; };
		66114A4029A7618C00BA0915 /* AppCoordinator.swift in Sources */ = {isa = PBXBuildFile; fileRef = 66114A3F29A7618C00BA0915 /* AppCoordinator.swift */; };
		66114A4729A7641F00BA0915 /* SearchListTableViewCell.swift in Sources */ = {isa = PBXBuildFile; fileRef = 66114A4629A7641F00BA0915 /* SearchListTableViewCell.swift */; };
		66114A4A29A795F500BA0915 /* BaseTableViewCell.swift in Sources */ = {isa = PBXBuildFile; fileRef = 66114A4929A795F500BA0915 /* BaseTableViewCell.swift */; };
		66114A4D29A7971100BA0915 /* UIViewExtensions.swift in Sources */ = {isa = PBXBuildFile; fileRef = 66114A4C29A7971100BA0915 /* UIViewExtensions.swift */; };
		66114A5229A79AB700BA0915 /* IntExtension.swift in Sources */ = {isa = PBXBuildFile; fileRef = 66114A5129A79AB700BA0915 /* IntExtension.swift */; };
		66114A5529A79D4400BA0915 /* SearchListViewModel.swift in Sources */ = {isa = PBXBuildFile; fileRef = 66114A5429A79D4400BA0915 /* SearchListViewModel.swift */; };
		66114A5729A7A00900BA0915 /* BaseViewController.swift in Sources */ = {isa = PBXBuildFile; fileRef = 66114A5629A7A00900BA0915 /* BaseViewController.swift */; };
		66114A5929A7A15900BA0915 /* SearchMainViewModel.swift in Sources */ = {isa = PBXBuildFile; fileRef = 66114A5829A7A15900BA0915 /* SearchMainViewModel.swift */; };
		66114A5E29A7AAC900BA0915 /* SearchMainCoordinator.swift in Sources */ = {isa = PBXBuildFile; fileRef = 66114A5D29A7AAC900BA0915 /* SearchMainCoordinator.swift */; };
		66114A6029A7B01B00BA0915 /* SearchListCoordinator.swift in Sources */ = {isa = PBXBuildFile; fileRef = 66114A5F29A7B01B00BA0915 /* SearchListCoordinator.swift */; };
		66114A6329A7BFD100BA0915 /* ImageCache.swift in Sources */ = {isa = PBXBuildFile; fileRef = 66114A6229A7BFD100BA0915 /* ImageCache.swift */; };
		66114A6529A7C07F00BA0915 /* UIimageViewExtension.swift in Sources */ = {isa = PBXBuildFile; fileRef = 66114A6429A7C07F00BA0915 /* UIimageViewExtension.swift */; };
		66114A6B29A7D11C00BA0915 /* LoadingIndicator.swift in Sources */ = {isa = PBXBuildFile; fileRef = 66114A6A29A7D11C00BA0915 /* LoadingIndicator.swift */; };
		66114A6D29A7DB9500BA0915 /* UIViewControllerExtension.swift in Sources */ = {isa = PBXBuildFile; fileRef = 66114A6C29A7DB9500BA0915 /* UIViewControllerExtension.swift */; };
		66114A7029A7E23300BA0915 /* OptionViewController.swift in Sources */ = {isa = PBXBuildFile; fileRef = 66114A6F29A7E23300BA0915 /* OptionViewController.swift */; };
		66114A7429A8F81400BA0915 /* UIColorExtension.swift in Sources */ = {isa = PBXBuildFile; fileRef = 66114A7329A8F81400BA0915 /* UIColorExtension.swift */; };
		66114A7929A8FA3400BA0915 /* OptionViewModel.swift in Sources */ = {isa = PBXBuildFile; fileRef = 66114A7829A8FA3400BA0915 /* OptionViewModel.swift */; };
		66114A7B29A8FD3800BA0915 /* OptionTableViewCell.swift in Sources */ = {isa = PBXBuildFile; fileRef = 66114A7A29A8FD3800BA0915 /* OptionTableViewCell.swift */; };
		66114A7F29A8FFD400BA0915 /* SearchListViewController.swift in Sources */ = {isa = PBXBuildFile; fileRef = 66114A7E29A8FFD400BA0915 /* SearchListViewController.swift */; };
		66CE4B4529A91A6900A61D92 /* Realm in Frameworks */ = {isa = PBXBuildFile; productRef = 66CE4B4429A91A6900A61D92 /* Realm */; };
		66CE4B4729A91A6900A61D92 /* RealmSwift in Frameworks */ = {isa = PBXBuildFile; productRef = 66CE4B4629A91A6900A61D92 /* RealmSwift */; };
		66CE4B4A29A91A8E00A61D92 /* RxRealm in Frameworks */ = {isa = PBXBuildFile; productRef = 66CE4B4929A91A8E00A61D92 /* RxRealm */; };
		66CE4B4D29A91AB200A61D92 /* RecentWordData.swift in Sources */ = {isa = PBXBuildFile; fileRef = 66CE4B4C29A91AB200A61D92 /* RecentWordData.swift */; };
		66CE4B5129A91AE500A61D92 /* RealmManager.swift in Sources */ = {isa = PBXBuildFile; fileRef = 66CE4B5029A91AE500A61D92 /* RealmManager.swift */; };
		66CE4B5329A91BD800A61D92 /* RecentWordDAO.swift in Sources */ = {isa = PBXBuildFile; fileRef = 66CE4B5229A91BD800A61D92 /* RecentWordDAO.swift */; };
		66CE4B5A29A929A100A61D92 /* BaseView.swift in Sources */ = {isa = PBXBuildFile; fileRef = 66CE4B5929A929A100A61D92 /* BaseView.swift */; };
/* End PBXBuildFile section */

/* Begin PBXContainerItemProxy section */
		661149F429A745F800BA0915 /* PBXContainerItemProxy */ = {
			isa = PBXContainerItemProxy;
			containerPortal = 661149D529A745F600BA0915 /* Project object */;
			proxyType = 1;
			remoteGlobalIDString = 661149DC29A745F600BA0915;
			remoteInfo = GIthubSearchClone;
		};
		661149FE29A745F800BA0915 /* PBXContainerItemProxy */ = {
			isa = PBXContainerItemProxy;
			containerPortal = 661149D529A745F600BA0915 /* Project object */;
			proxyType = 1;
			remoteGlobalIDString = 661149DC29A745F600BA0915;
			remoteInfo = GIthubSearchClone;
		};
/* End PBXContainerItemProxy section */

/* Begin PBXFileReference section */
		661149DD29A745F600BA0915 /* GIthubSearchClone.app */ = {isa = PBXFileReference; explicitFileType = wrapper.application; includeInIndex = 0; path = GIthubSearchClone.app; sourceTree = BUILT_PRODUCTS_DIR; };
		661149E029A745F600BA0915 /* AppDelegate.swift */ = {isa = PBXFileReference; lastKnownFileType = sourcecode.swift; path = AppDelegate.swift; sourceTree = "<group>"; };
		661149E229A745F600BA0915 /* SceneDelegate.swift */ = {isa = PBXFileReference; lastKnownFileType = sourcecode.swift; path = SceneDelegate.swift; sourceTree = "<group>"; };
		661149E429A745F600BA0915 /* SearchMainViewController.swift */ = {isa = PBXFileReference; lastKnownFileType = sourcecode.swift; path = SearchMainViewController.swift; sourceTree = "<group>"; };
		661149E729A745F600BA0915 /* Base */ = {isa = PBXFileReference; lastKnownFileType = file.storyboard; name = Base; path = Base.lproj/Main.storyboard; sourceTree = "<group>"; };
		661149E929A745F700BA0915 /* Assets.xcassets */ = {isa = PBXFileReference; lastKnownFileType = folder.assetcatalog; path = Assets.xcassets; sourceTree = "<group>"; };
		661149EC29A745F700BA0915 /* Base */ = {isa = PBXFileReference; lastKnownFileType = file.storyboard; name = Base; path = Base.lproj/LaunchScreen.storyboard; sourceTree = "<group>"; };
		661149EE29A745F700BA0915 /* Info.plist */ = {isa = PBXFileReference; lastKnownFileType = text.plist.xml; path = Info.plist; sourceTree = "<group>"; };
		661149F329A745F800BA0915 /* GIthubSearchCloneTests.xctest */ = {isa = PBXFileReference; explicitFileType = wrapper.cfbundle; includeInIndex = 0; path = GIthubSearchCloneTests.xctest; sourceTree = BUILT_PRODUCTS_DIR; };
		661149F729A745F800BA0915 /* GIthubSearchCloneTests.swift */ = {isa = PBXFileReference; lastKnownFileType = sourcecode.swift; path = GIthubSearchCloneTests.swift; sourceTree = "<group>"; };
		661149FD29A745F800BA0915 /* GIthubSearchCloneUITests.xctest */ = {isa = PBXFileReference; explicitFileType = wrapper.cfbundle; includeInIndex = 0; path = GIthubSearchCloneUITests.xctest; sourceTree = BUILT_PRODUCTS_DIR; };
		66114A0129A745F800BA0915 /* GIthubSearchCloneUITests.swift */ = {isa = PBXFileReference; lastKnownFileType = sourcecode.swift; path = GIthubSearchCloneUITests.swift; sourceTree = "<group>"; };
		66114A0329A745F800BA0915 /* GIthubSearchCloneUITestsLaunchTests.swift */ = {isa = PBXFileReference; lastKnownFileType = sourcecode.swift; path = GIthubSearchCloneUITestsLaunchTests.swift; sourceTree = "<group>"; };
		66114A1D29A74F5C00BA0915 /* APIType.swift */ = {isa = PBXFileReference; lastKnownFileType = sourcecode.swift; path = APIType.swift; sourceTree = "<group>"; };
		66114A1F29A74F7D00BA0915 /* SearchAPI.swift */ = {isa = PBXFileReference; lastKnownFileType = sourcecode.swift; path = SearchAPI.swift; sourceTree = "<group>"; };
		66114A2429A750DA00BA0915 /* SortType.swift */ = {isa = PBXFileReference; lastKnownFileType = sourcecode.swift; path = SortType.swift; sourceTree = "<group>"; };
		66114A2629A750DF00BA0915 /* OrderType.swift */ = {isa = PBXFileReference; lastKnownFileType = sourcecode.swift; path = OrderType.swift; sourceTree = "<group>"; };
		66114A2829A7518200BA0915 /* SearchParameters.swift */ = {isa = PBXFileReference; lastKnownFileType = sourcecode.swift; path = SearchParameters.swift; sourceTree = "<group>"; };
		66114A2B29A7527E00BA0915 /* Localization.swift */ = {isa = PBXFileReference; lastKnownFileType = sourcecode.swift; path = Localization.swift; sourceTree = "<group>"; };
		66114A2D29A7538E00BA0915 /* SessionManager.swift */ = {isa = PBXFileReference; lastKnownFileType = sourcecode.swift; path = SessionManager.swift; sourceTree = "<group>"; };
		66114A3929A7575800BA0915 /* SearchResponse.swift */ = {isa = PBXFileReference; lastKnownFileType = sourcecode.swift; path = SearchResponse.swift; sourceTree = "<group>"; };
		66114A3C29A759B100BA0915 /* SearchService.swift */ = {isa = PBXFileReference; lastKnownFileType = sourcecode.swift; path = SearchService.swift; sourceTree = "<group>"; };
		66114A3F29A7618C00BA0915 /* AppCoordinator.swift */ = {isa = PBXFileReference; lastKnownFileType = sourcecode.swift; path = AppCoordinator.swift; sourceTree = "<group>"; };
		66114A4629A7641F00BA0915 /* SearchListTableViewCell.swift */ = {isa = PBXFileReference; lastKnownFileType = sourcecode.swift; path = SearchListTableViewCell.swift; sourceTree = "<group>"; };
		66114A4929A795F500BA0915 /* BaseTableViewCell.swift */ = {isa = PBXFileReference; lastKnownFileType = sourcecode.swift; path = BaseTableViewCell.swift; sourceTree = "<group>"; };
		66114A4C29A7971100BA0915 /* UIViewExtensions.swift */ = {isa = PBXFileReference; lastKnownFileType = sourcecode.swift; path = UIViewExtensions.swift; sourceTree = "<group>"; };
		66114A5129A79AB700BA0915 /* IntExtension.swift */ = {isa = PBXFileReference; lastKnownFileType = sourcecode.swift; path = IntExtension.swift; sourceTree = "<group>"; };
		66114A5429A79D4400BA0915 /* SearchListViewModel.swift */ = {isa = PBXFileReference; lastKnownFileType = sourcecode.swift; path = SearchListViewModel.swift; sourceTree = "<group>"; };
		66114A5629A7A00900BA0915 /* BaseViewController.swift */ = {isa = PBXFileReference; lastKnownFileType = sourcecode.swift; path = BaseViewController.swift; sourceTree = "<group>"; };
		66114A5829A7A15900BA0915 /* SearchMainViewModel.swift */ = {isa = PBXFileReference; lastKnownFileType = sourcecode.swift; path = SearchMainViewModel.swift; sourceTree = "<group>"; };
		66114A5D29A7AAC900BA0915 /* SearchMainCoordinator.swift */ = {isa = PBXFileReference; lastKnownFileType = sourcecode.swift; path = SearchMainCoordinator.swift; sourceTree = "<group>"; };
		66114A5F29A7B01B00BA0915 /* SearchListCoordinator.swift */ = {isa = PBXFileReference; lastKnownFileType = sourcecode.swift; path = SearchListCoordinator.swift; sourceTree = "<group>"; };
		66114A6229A7BFD100BA0915 /* ImageCache.swift */ = {isa = PBXFileReference; lastKnownFileType = sourcecode.swift; path = ImageCache.swift; sourceTree = "<group>"; };
		66114A6429A7C07F00BA0915 /* UIimageViewExtension.swift */ = {isa = PBXFileReference; lastKnownFileType = sourcecode.swift; path = UIimageViewExtension.swift; sourceTree = "<group>"; };
		66114A6A29A7D11C00BA0915 /* LoadingIndicator.swift */ = {isa = PBXFileReference; lastKnownFileType = sourcecode.swift; path = LoadingIndicator.swift; sourceTree = "<group>"; };
		66114A6C29A7DB9500BA0915 /* UIViewControllerExtension.swift */ = {isa = PBXFileReference; lastKnownFileType = sourcecode.swift; path = UIViewControllerExtension.swift; sourceTree = "<group>"; };
		66114A6F29A7E23300BA0915 /* OptionViewController.swift */ = {isa = PBXFileReference; lastKnownFileType = sourcecode.swift; path = OptionViewController.swift; sourceTree = "<group>"; };
		66114A7329A8F81400BA0915 /* UIColorExtension.swift */ = {isa = PBXFileReference; lastKnownFileType = sourcecode.swift; path = UIColorExtension.swift; sourceTree = "<group>"; };
		66114A7829A8FA3400BA0915 /* OptionViewModel.swift */ = {isa = PBXFileReference; lastKnownFileType = sourcecode.swift; path = OptionViewModel.swift; sourceTree = "<group>"; };
		66114A7A29A8FD3800BA0915 /* OptionTableViewCell.swift */ = {isa = PBXFileReference; lastKnownFileType = sourcecode.swift; path = OptionTableViewCell.swift; sourceTree = "<group>"; };
		66114A7E29A8FFD400BA0915 /* SearchListViewController.swift */ = {isa = PBXFileReference; fileEncoding = 4; lastKnownFileType = sourcecode.swift; path = SearchListViewController.swift; sourceTree = "<group>"; };
		66CE4B4C29A91AB200A61D92 /* RecentWordData.swift */ = {isa = PBXFileReference; lastKnownFileType = sourcecode.swift; path = RecentWordData.swift; sourceTree = "<group>"; };
		66CE4B5029A91AE500A61D92 /* RealmManager.swift */ = {isa = PBXFileReference; lastKnownFileType = sourcecode.swift; path = RealmManager.swift; sourceTree = "<group>"; };
		66CE4B5229A91BD800A61D92 /* RecentWordDAO.swift */ = {isa = PBXFileReference; lastKnownFileType = sourcecode.swift; path = RecentWordDAO.swift; sourceTree = "<group>"; };
		66CE4B5929A929A100A61D92 /* BaseView.swift */ = {isa = PBXFileReference; lastKnownFileType = sourcecode.swift; path = BaseView.swift; sourceTree = "<group>"; };
/* End PBXFileReference section */

/* Begin PBXFrameworksBuildPhase section */
		661149DA29A745F600BA0915 /* Frameworks */ = {
			isa = PBXFrameworksBuildPhase;
			buildActionMask = 2147483647;
			files = (
				66CE4B4529A91A6900A61D92 /* Realm in Frameworks */,
				66114A3329A754AB00BA0915 /* RxCocoa in Frameworks */,
				66CE4B4A29A91A8E00A61D92 /* RxRealm in Frameworks */,
				66CE4B4729A91A6900A61D92 /* RealmSwift in Frameworks */,
				66114A1C29A74E6000BA0915 /* SnapKit in Frameworks */,
				66114A3729A754AB00BA0915 /* RxSwift in Frameworks */,
				66114A3529A754AB00BA0915 /* RxRelay in Frameworks */,
				66114A3129A754AB00BA0915 /* RxBlocking in Frameworks */,
			);
			runOnlyForDeploymentPostprocessing = 0;
		};
		661149F029A745F800BA0915 /* Frameworks */ = {
			isa = PBXFrameworksBuildPhase;
			buildActionMask = 2147483647;
			files = (
			);
			runOnlyForDeploymentPostprocessing = 0;
		};
		661149FA29A745F800BA0915 /* Frameworks */ = {
			isa = PBXFrameworksBuildPhase;
			buildActionMask = 2147483647;
			files = (
			);
			runOnlyForDeploymentPostprocessing = 0;
		};
/* End PBXFrameworksBuildPhase section */

/* Begin PBXGroup section */
		661149D429A745F600BA0915 = {
			isa = PBXGroup;
			children = (
				661149DF29A745F600BA0915 /* GIthubSearchClone */,
				661149F629A745F800BA0915 /* GIthubSearchCloneTests */,
				66114A0029A745F800BA0915 /* GIthubSearchCloneUITests */,
				661149DE29A745F600BA0915 /* Products */,
			);
			sourceTree = "<group>";
		};
		661149DE29A745F600BA0915 /* Products */ = {
			isa = PBXGroup;
			children = (
				661149DD29A745F600BA0915 /* GIthubSearchClone.app */,
				661149F329A745F800BA0915 /* GIthubSearchCloneTests.xctest */,
				661149FD29A745F800BA0915 /* GIthubSearchCloneUITests.xctest */,
			);
			name = Products;
			sourceTree = "<group>";
		};
		661149DF29A745F600BA0915 /* GIthubSearchClone */ = {
			isa = PBXGroup;
			children = (
				66114A1129A74BA300BA0915 /* AppSetting */,
				66114A5A29A7A85400BA0915 /* Coordinator */,
				66CE4B4B29A91A9A00A61D92 /* DB */,
				66114A1229A74DF400BA0915 /* Network */,
				66114A3B29A7599E00BA0915 /* Service */,
				66114A3E29A75D5300BA0915 /* ViewControllers */,
				66114A5329A79D3700BA0915 /* ViewModel */,
				66114A6829A7D0F800BA0915 /* Common */,
				66114A4B29A7970000BA0915 /* Extensions */,
				66114A2A29A7527100BA0915 /* Localize */,
				66114A6129A7BFC200BA0915 /* Utils */,
				661149E629A745F600BA0915 /* Main.storyboard */,
				661149E929A745F700BA0915 /* Assets.xcassets */,
				661149EB29A745F700BA0915 /* LaunchScreen.storyboard */,
				661149EE29A745F700BA0915 /* Info.plist */,
			);
			path = GIthubSearchClone;
			sourceTree = "<group>";
		};
		661149F629A745F800BA0915 /* GIthubSearchCloneTests */ = {
			isa = PBXGroup;
			children = (
				661149F729A745F800BA0915 /* GIthubSearchCloneTests.swift */,
			);
			path = GIthubSearchCloneTests;
			sourceTree = "<group>";
		};
		66114A0029A745F800BA0915 /* GIthubSearchCloneUITests */ = {
			isa = PBXGroup;
			children = (
				66114A0129A745F800BA0915 /* GIthubSearchCloneUITests.swift */,
				66114A0329A745F800BA0915 /* GIthubSearchCloneUITestsLaunchTests.swift */,
			);
			path = GIthubSearchCloneUITests;
			sourceTree = "<group>";
		};
		66114A1129A74BA300BA0915 /* AppSetting */ = {
			isa = PBXGroup;
			children = (
				661149E029A745F600BA0915 /* AppDelegate.swift */,
				661149E229A745F600BA0915 /* SceneDelegate.swift */,
			);
			path = AppSetting;
			sourceTree = "<group>";
		};
		66114A1229A74DF400BA0915 /* Network */ = {
			isa = PBXGroup;
			children = (
				66114A3829A7574F00BA0915 /* Model */,
				66114A2229A7508100BA0915 /* API */,
				66114A2D29A7538E00BA0915 /* SessionManager.swift */,
			);
			path = Network;
			sourceTree = "<group>";
		};
		66114A2229A7508100BA0915 /* API */ = {
			isa = PBXGroup;
			children = (
				66114A2329A7509A00BA0915 /* ParameterType */,
				66114A1D29A74F5C00BA0915 /* APIType.swift */,
				66114A1F29A74F7D00BA0915 /* SearchAPI.swift */,
			);
			path = API;
			sourceTree = "<group>";
		};
		66114A2329A7509A00BA0915 /* ParameterType */ = {
			isa = PBXGroup;
			children = (
				66114A2829A7518200BA0915 /* SearchParameters.swift */,
				66114A2429A750DA00BA0915 /* SortType.swift */,
				66114A2629A750DF00BA0915 /* OrderType.swift */,
			);
			path = ParameterType;
			sourceTree = "<group>";
		};
		66114A2A29A7527100BA0915 /* Localize */ = {
			isa = PBXGroup;
			children = (
				66114A2B29A7527E00BA0915 /* Localization.swift */,
			);
			path = Localize;
			sourceTree = "<group>";
		};
		66114A3829A7574F00BA0915 /* Model */ = {
			isa = PBXGroup;
			children = (
				66114A3929A7575800BA0915 /* SearchResponse.swift */,
			);
			path = Model;
			sourceTree = "<group>";
		};
		66114A3B29A7599E00BA0915 /* Service */ = {
			isa = PBXGroup;
			children = (
				66114A3C29A759B100BA0915 /* SearchService.swift */,
			);
			path = Service;
			sourceTree = "<group>";
		};
		66114A3E29A75D5300BA0915 /* ViewControllers */ = {
			isa = PBXGroup;
			children = (
				66114A4829A795DF00BA0915 /* Base */,
				66114A4129A7638700BA0915 /* Main */,
				66114A4229A7639800BA0915 /* List */,
			);
			path = ViewControllers;
			sourceTree = "<group>";
		};
		66114A4129A7638700BA0915 /* Main */ = {
			isa = PBXGroup;
			children = (
				661149E429A745F600BA0915 /* SearchMainViewController.swift */,
			);
			path = Main;
			sourceTree = "<group>";
		};
		66114A4229A7639800BA0915 /* List */ = {
			isa = PBXGroup;
			children = (
				66114A4529A7640A00BA0915 /* Cell */,
				66114A7E29A8FFD400BA0915 /* SearchListViewController.swift */,
				66114A6E29A7E20600BA0915 /* Option */,
			);
			path = List;
			sourceTree = "<group>";
		};
		66114A4529A7640A00BA0915 /* Cell */ = {
			isa = PBXGroup;
			children = (
				66114A4629A7641F00BA0915 /* SearchListTableViewCell.swift */,
			);
			path = Cell;
			sourceTree = "<group>";
		};
		66114A4829A795DF00BA0915 /* Base */ = {
			isa = PBXGroup;
			children = (
				66114A4929A795F500BA0915 /* BaseTableViewCell.swift */,
				66114A5629A7A00900BA0915 /* BaseViewController.swift */,
				66CE4B5929A929A100A61D92 /* BaseView.swift */,
			);
			path = Base;
			sourceTree = "<group>";
		};
		66114A4B29A7970000BA0915 /* Extensions */ = {
			isa = PBXGroup;
			children = (
				66114A6C29A7DB9500BA0915 /* UIViewControllerExtension.swift */,
				66114A4C29A7971100BA0915 /* UIViewExtensions.swift */,
				66114A5129A79AB700BA0915 /* IntExtension.swift */,
				66114A6429A7C07F00BA0915 /* UIimageViewExtension.swift */,
				66114A7329A8F81400BA0915 /* UIColorExtension.swift */,
			);
			path = Extensions;
			sourceTree = "<group>";
		};
		66114A5329A79D3700BA0915 /* ViewModel */ = {
			isa = PBXGroup;
			children = (
				66114A5829A7A15900BA0915 /* SearchMainViewModel.swift */,
				66114A5429A79D4400BA0915 /* SearchListViewModel.swift */,
				66114A7829A8FA3400BA0915 /* OptionViewModel.swift */,
			);
			path = ViewModel;
			sourceTree = "<group>";
		};
		66114A5A29A7A85400BA0915 /* Coordinator */ = {
			isa = PBXGroup;
			children = (
				66114A3F29A7618C00BA0915 /* AppCoordinator.swift */,
				66114A5D29A7AAC900BA0915 /* SearchMainCoordinator.swift */,
				66114A5F29A7B01B00BA0915 /* SearchListCoordinator.swift */,
			);
			path = Coordinator;
			sourceTree = "<group>";
		};
		66114A6129A7BFC200BA0915 /* Utils */ = {
			isa = PBXGroup;
			children = (
				66114A6229A7BFD100BA0915 /* ImageCache.swift */,
			);
			path = Utils;
			sourceTree = "<group>";
		};
		66114A6829A7D0F800BA0915 /* Common */ = {
			isa = PBXGroup;
			children = (
				66114A6929A7D10C00BA0915 /* View */,
			);
			path = Common;
			sourceTree = "<group>";
		};
		66114A6929A7D10C00BA0915 /* View */ = {
			isa = PBXGroup;
			children = (
				66114A6A29A7D11C00BA0915 /* LoadingIndicator.swift */,
			);
			path = View;
			sourceTree = "<group>";
		};
		66114A6E29A7E20600BA0915 /* Option */ = {
			isa = PBXGroup;
			children = (
				66114A7529A8F93F00BA0915 /* Cell */,
				66114A6F29A7E23300BA0915 /* OptionViewController.swift */,
			);
			path = Option;
			sourceTree = "<group>";
		};
		66114A7529A8F93F00BA0915 /* Cell */ = {
			isa = PBXGroup;
			children = (
				66114A7A29A8FD3800BA0915 /* OptionTableViewCell.swift */,
			);
			path = Cell;
			sourceTree = "<group>";
		};
		66CE4B4B29A91A9A00A61D92 /* DB */ = {
			isa = PBXGroup;
			children = (
				66CE4B5029A91AE500A61D92 /* RealmManager.swift */,
				66CE4B4F29A91ABF00A61D92 /* DAO */,
				66CE4B4E29A91AB800A61D92 /* Entity */,
			);
			path = DB;
			sourceTree = "<group>";
		};
		66CE4B4E29A91AB800A61D92 /* Entity */ = {
			isa = PBXGroup;
			children = (
				66CE4B4C29A91AB200A61D92 /* RecentWordData.swift */,
			);
			path = Entity;
			sourceTree = "<group>";
		};
		66CE4B4F29A91ABF00A61D92 /* DAO */ = {
			isa = PBXGroup;
			children = (
				66CE4B5229A91BD800A61D92 /* RecentWordDAO.swift */,
			);
			path = DAO;
			sourceTree = "<group>";
		};
/* End PBXGroup section */

/* Begin PBXNativeTarget section */
		661149DC29A745F600BA0915 /* GIthubSearchClone */ = {
			isa = PBXNativeTarget;
			buildConfigurationList = 66114A0729A745F800BA0915 /* Build configuration list for PBXNativeTarget "GIthubSearchClone" */;
			buildPhases = (
				661149D929A745F600BA0915 /* Sources */,
				661149DA29A745F600BA0915 /* Frameworks */,
				661149DB29A745F600BA0915 /* Resources */,
			);
			buildRules = (
			);
			dependencies = (
			);
			name = GIthubSearchClone;
			packageProductDependencies = (
				66114A1B29A74E6000BA0915 /* SnapKit */,
				66114A3029A754AB00BA0915 /* RxBlocking */,
				66114A3229A754AB00BA0915 /* RxCocoa */,
				66114A3429A754AB00BA0915 /* RxRelay */,
				66114A3629A754AB00BA0915 /* RxSwift */,
				66CE4B4429A91A6900A61D92 /* Realm */,
				66CE4B4629A91A6900A61D92 /* RealmSwift */,
				66CE4B4929A91A8E00A61D92 /* RxRealm */,
			);
			productName = GIthubSearchClone;
			productReference = 661149DD29A745F600BA0915 /* GIthubSearchClone.app */;
			productType = "com.apple.product-type.application";
		};
		661149F229A745F800BA0915 /* GIthubSearchCloneTests */ = {
			isa = PBXNativeTarget;
			buildConfigurationList = 66114A0A29A745F800BA0915 /* Build configuration list for PBXNativeTarget "GIthubSearchCloneTests" */;
			buildPhases = (
				661149EF29A745F800BA0915 /* Sources */,
				661149F029A745F800BA0915 /* Frameworks */,
				661149F129A745F800BA0915 /* Resources */,
			);
			buildRules = (
			);
			dependencies = (
				661149F529A745F800BA0915 /* PBXTargetDependency */,
			);
			name = GIthubSearchCloneTests;
			productName = GIthubSearchCloneTests;
			productReference = 661149F329A745F800BA0915 /* GIthubSearchCloneTests.xctest */;
			productType = "com.apple.product-type.bundle.unit-test";
		};
		661149FC29A745F800BA0915 /* GIthubSearchCloneUITests */ = {
			isa = PBXNativeTarget;
			buildConfigurationList = 66114A0D29A745F800BA0915 /* Build configuration list for PBXNativeTarget "GIthubSearchCloneUITests" */;
			buildPhases = (
				661149F929A745F800BA0915 /* Sources */,
				661149FA29A745F800BA0915 /* Frameworks */,
				661149FB29A745F800BA0915 /* Resources */,
			);
			buildRules = (
			);
			dependencies = (
				661149FF29A745F800BA0915 /* PBXTargetDependency */,
			);
			name = GIthubSearchCloneUITests;
			productName = GIthubSearchCloneUITests;
			productReference = 661149FD29A745F800BA0915 /* GIthubSearchCloneUITests.xctest */;
			productType = "com.apple.product-type.bundle.ui-testing";
		};
/* End PBXNativeTarget section */

/* Begin PBXProject section */
		661149D529A745F600BA0915 /* Project object */ = {
			isa = PBXProject;
			attributes = {
				BuildIndependentTargetsInParallel = 1;
				LastSwiftUpdateCheck = 1420;
				LastUpgradeCheck = 1420;
				TargetAttributes = {
					661149DC29A745F600BA0915 = {
						CreatedOnToolsVersion = 14.2;
					};
					661149F229A745F800BA0915 = {
						CreatedOnToolsVersion = 14.2;
						TestTargetID = 661149DC29A745F600BA0915;
					};
					661149FC29A745F800BA0915 = {
						CreatedOnToolsVersion = 14.2;
						TestTargetID = 661149DC29A745F600BA0915;
					};
				};
			};
			buildConfigurationList = 661149D829A745F600BA0915 /* Build configuration list for PBXProject "GIthubSearchClone" */;
			compatibilityVersion = "Xcode 14.0";
			developmentRegion = en;
			hasScannedForEncodings = 0;
			knownRegions = (
				en,
				Base,
			);
			mainGroup = 661149D429A745F600BA0915;
			packageReferences = (
				66114A1A29A74E6000BA0915 /* XCRemoteSwiftPackageReference "SnapKit" */,
				66114A2F29A754AB00BA0915 /* XCRemoteSwiftPackageReference "RxSwift" */,
				66CE4B4329A91A6900A61D92 /* XCRemoteSwiftPackageReference "realm-swift" */,
				66CE4B4829A91A8E00A61D92 /* XCRemoteSwiftPackageReference "RxRealm" */,
			);
			productRefGroup = 661149DE29A745F600BA0915 /* Products */;
			projectDirPath = "";
			projectRoot = "";
			targets = (
				661149DC29A745F600BA0915 /* GIthubSearchClone */,
				661149F229A745F800BA0915 /* GIthubSearchCloneTests */,
				661149FC29A745F800BA0915 /* GIthubSearchCloneUITests */,
			);
		};
/* End PBXProject section */

/* Begin PBXResourcesBuildPhase section */
		661149DB29A745F600BA0915 /* Resources */ = {
			isa = PBXResourcesBuildPhase;
			buildActionMask = 2147483647;
			files = (
				661149ED29A745F700BA0915 /* LaunchScreen.storyboard in Resources */,
				661149EA29A745F700BA0915 /* Assets.xcassets in Resources */,
				661149E829A745F600BA0915 /* Main.storyboard in Resources */,
			);
			runOnlyForDeploymentPostprocessing = 0;
		};
		661149F129A745F800BA0915 /* Resources */ = {
			isa = PBXResourcesBuildPhase;
			buildActionMask = 2147483647;
			files = (
			);
			runOnlyForDeploymentPostprocessing = 0;
		};
		661149FB29A745F800BA0915 /* Resources */ = {
			isa = PBXResourcesBuildPhase;
			buildActionMask = 2147483647;
			files = (
			);
			runOnlyForDeploymentPostprocessing = 0;
		};
/* End PBXResourcesBuildPhase section */

/* Begin PBXSourcesBuildPhase section */
		661149D929A745F600BA0915 /* Sources */ = {
			isa = PBXSourcesBuildPhase;
			buildActionMask = 2147483647;
			files = (
				66114A6529A7C07F00BA0915 /* UIimageViewExtension.swift in Sources */,
				66114A7B29A8FD3800BA0915 /* OptionTableViewCell.swift in Sources */,
				66CE4B5129A91AE500A61D92 /* RealmManager.swift in Sources */,
				66CE4B5329A91BD800A61D92 /* RecentWordDAO.swift in Sources */,
				66114A4A29A795F500BA0915 /* BaseTableViewCell.swift in Sources */,
				66114A2029A74F7D00BA0915 /* SearchAPI.swift in Sources */,
				66114A2729A750DF00BA0915 /* OrderType.swift in Sources */,
				66114A4029A7618C00BA0915 /* AppCoordinator.swift in Sources */,
				66CE4B4D29A91AB200A61D92 /* RecentWordData.swift in Sources */,
				66114A5529A79D4400BA0915 /* SearchListViewModel.swift in Sources */,
				66114A5729A7A00900BA0915 /* BaseViewController.swift in Sources */,
				66114A7929A8FA3400BA0915 /* OptionViewModel.swift in Sources */,
				66114A4729A7641F00BA0915 /* SearchListTableViewCell.swift in Sources */,
				66CE4B5A29A929A100A61D92 /* BaseView.swift in Sources */,
				66114A2529A750DA00BA0915 /* SortType.swift in Sources */,
				66114A2929A7518200BA0915 /* SearchParameters.swift in Sources */,
				66114A7F29A8FFD400BA0915 /* SearchListViewController.swift in Sources */,
				66114A5E29A7AAC900BA0915 /* SearchMainCoordinator.swift in Sources */,
				66114A6D29A7DB9500BA0915 /* UIViewControllerExtension.swift in Sources */,
				66114A1E29A74F5C00BA0915 /* APIType.swift in Sources */,
				66114A2C29A7527E00BA0915 /* Localization.swift in Sources */,
				66114A5229A79AB700BA0915 /* IntExtension.swift in Sources */,
				66114A3A29A7575800BA0915 /* SearchResponse.swift in Sources */,
				66114A5929A7A15900BA0915 /* SearchMainViewModel.swift in Sources */,
				661149E529A745F600BA0915 /* SearchMainViewController.swift in Sources */,
				66114A6B29A7D11C00BA0915 /* LoadingIndicator.swift in Sources */,
				661149E129A745F600BA0915 /* AppDelegate.swift in Sources */,
				66114A6329A7BFD100BA0915 /* ImageCache.swift in Sources */,
				66114A7429A8F81400BA0915 /* UIColorExtension.swift in Sources */,
				66114A3D29A759B100BA0915 /* SearchService.swift in Sources */,
				66114A4D29A7971100BA0915 /* UIViewExtensions.swift in Sources */,
				66114A2E29A7538E00BA0915 /* SessionManager.swift in Sources */,
				66114A7029A7E23300BA0915 /* OptionViewController.swift in Sources */,
				661149E329A745F600BA0915 /* SceneDelegate.swift in Sources */,
				66114A6029A7B01B00BA0915 /* SearchListCoordinator.swift in Sources */,
			);
			runOnlyForDeploymentPostprocessing = 0;
		};
		661149EF29A745F800BA0915 /* Sources */ = {
			isa = PBXSourcesBuildPhase;
			buildActionMask = 2147483647;
			files = (
				661149F829A745F800BA0915 /* GIthubSearchCloneTests.swift in Sources */,
			);
			runOnlyForDeploymentPostprocessing = 0;
		};
		661149F929A745F800BA0915 /* Sources */ = {
			isa = PBXSourcesBuildPhase;
			buildActionMask = 2147483647;
			files = (
				66114A0229A745F800BA0915 /* GIthubSearchCloneUITests.swift in Sources */,
				66114A0429A745F800BA0915 /* GIthubSearchCloneUITestsLaunchTests.swift in Sources */,
			);
			runOnlyForDeploymentPostprocessing = 0;
		};
/* End PBXSourcesBuildPhase section */

/* Begin PBXTargetDependency section */
		661149F529A745F800BA0915 /* PBXTargetDependency */ = {
			isa = PBXTargetDependency;
			target = 661149DC29A745F600BA0915 /* GIthubSearchClone */;
			targetProxy = 661149F429A745F800BA0915 /* PBXContainerItemProxy */;
		};
		661149FF29A745F800BA0915 /* PBXTargetDependency */ = {
			isa = PBXTargetDependency;
			target = 661149DC29A745F600BA0915 /* GIthubSearchClone */;
			targetProxy = 661149FE29A745F800BA0915 /* PBXContainerItemProxy */;
		};
/* End PBXTargetDependency section */

/* Begin PBXVariantGroup section */
		661149E629A745F600BA0915 /* Main.storyboard */ = {
			isa = PBXVariantGroup;
			children = (
				661149E729A745F600BA0915 /* Base */,
			);
			name = Main.storyboard;
			sourceTree = "<group>";
		};
		661149EB29A745F700BA0915 /* LaunchScreen.storyboard */ = {
			isa = PBXVariantGroup;
			children = (
				661149EC29A745F700BA0915 /* Base */,
			);
			name = LaunchScreen.storyboard;
			sourceTree = "<group>";
		};
/* End PBXVariantGroup section */

/* Begin XCBuildConfiguration section */
		66114A0529A745F800BA0915 /* Debug */ = {
			isa = XCBuildConfiguration;
			buildSettings = {
				ALWAYS_SEARCH_USER_PATHS = NO;
				CLANG_ANALYZER_NONNULL = YES;
				CLANG_ANALYZER_NUMBER_OBJECT_CONVERSION = YES_AGGRESSIVE;
				CLANG_CXX_LANGUAGE_STANDARD = "gnu++20";
				CLANG_ENABLE_MODULES = YES;
				CLANG_ENABLE_OBJC_ARC = YES;
				CLANG_ENABLE_OBJC_WEAK = YES;
				CLANG_WARN_BLOCK_CAPTURE_AUTORELEASING = YES;
				CLANG_WARN_BOOL_CONVERSION = YES;
				CLANG_WARN_COMMA = YES;
				CLANG_WARN_CONSTANT_CONVERSION = YES;
				CLANG_WARN_DEPRECATED_OBJC_IMPLEMENTATIONS = YES;
				CLANG_WARN_DIRECT_OBJC_ISA_USAGE = YES_ERROR;
				CLANG_WARN_DOCUMENTATION_COMMENTS = YES;
				CLANG_WARN_EMPTY_BODY = YES;
				CLANG_WARN_ENUM_CONVERSION = YES;
				CLANG_WARN_INFINITE_RECURSION = YES;
				CLANG_WARN_INT_CONVERSION = YES;
				CLANG_WARN_NON_LITERAL_NULL_CONVERSION = YES;
				CLANG_WARN_OBJC_IMPLICIT_RETAIN_SELF = YES;
				CLANG_WARN_OBJC_LITERAL_CONVERSION = YES;
				CLANG_WARN_OBJC_ROOT_CLASS = YES_ERROR;
				CLANG_WARN_QUOTED_INCLUDE_IN_FRAMEWORK_HEADER = YES;
				CLANG_WARN_RANGE_LOOP_ANALYSIS = YES;
				CLANG_WARN_STRICT_PROTOTYPES = YES;
				CLANG_WARN_SUSPICIOUS_MOVE = YES;
				CLANG_WARN_UNGUARDED_AVAILABILITY = YES_AGGRESSIVE;
				CLANG_WARN_UNREACHABLE_CODE = YES;
				CLANG_WARN__DUPLICATE_METHOD_MATCH = YES;
				COPY_PHASE_STRIP = NO;
				DEBUG_INFORMATION_FORMAT = dwarf;
				ENABLE_STRICT_OBJC_MSGSEND = YES;
				ENABLE_TESTABILITY = YES;
				GCC_C_LANGUAGE_STANDARD = gnu11;
				GCC_DYNAMIC_NO_PIC = NO;
				GCC_NO_COMMON_BLOCKS = YES;
				GCC_OPTIMIZATION_LEVEL = 0;
				GCC_PREPROCESSOR_DEFINITIONS = (
					"DEBUG=1",
					"$(inherited)",
				);
				GCC_WARN_64_TO_32_BIT_CONVERSION = YES;
				GCC_WARN_ABOUT_RETURN_TYPE = YES_ERROR;
				GCC_WARN_UNDECLARED_SELECTOR = YES;
				GCC_WARN_UNINITIALIZED_AUTOS = YES_AGGRESSIVE;
				GCC_WARN_UNUSED_FUNCTION = YES;
				GCC_WARN_UNUSED_VARIABLE = YES;
				IPHONEOS_DEPLOYMENT_TARGET = 16.2;
				MTL_ENABLE_DEBUG_INFO = INCLUDE_SOURCE;
				MTL_FAST_MATH = YES;
				ONLY_ACTIVE_ARCH = YES;
				SDKROOT = iphoneos;
				SWIFT_ACTIVE_COMPILATION_CONDITIONS = DEBUG;
				SWIFT_OPTIMIZATION_LEVEL = "-Onone";
			};
			name = Debug;
		};
		66114A0629A745F800BA0915 /* Release */ = {
			isa = XCBuildConfiguration;
			buildSettings = {
				ALWAYS_SEARCH_USER_PATHS = NO;
				CLANG_ANALYZER_NONNULL = YES;
				CLANG_ANALYZER_NUMBER_OBJECT_CONVERSION = YES_AGGRESSIVE;
				CLANG_CXX_LANGUAGE_STANDARD = "gnu++20";
				CLANG_ENABLE_MODULES = YES;
				CLANG_ENABLE_OBJC_ARC = YES;
				CLANG_ENABLE_OBJC_WEAK = YES;
				CLANG_WARN_BLOCK_CAPTURE_AUTORELEASING = YES;
				CLANG_WARN_BOOL_CONVERSION = YES;
				CLANG_WARN_COMMA = YES;
				CLANG_WARN_CONSTANT_CONVERSION = YES;
				CLANG_WARN_DEPRECATED_OBJC_IMPLEMENTATIONS = YES;
				CLANG_WARN_DIRECT_OBJC_ISA_USAGE = YES_ERROR;
				CLANG_WARN_DOCUMENTATION_COMMENTS = YES;
				CLANG_WARN_EMPTY_BODY = YES;
				CLANG_WARN_ENUM_CONVERSION = YES;
				CLANG_WARN_INFINITE_RECURSION = YES;
				CLANG_WARN_INT_CONVERSION = YES;
				CLANG_WARN_NON_LITERAL_NULL_CONVERSION = YES;
				CLANG_WARN_OBJC_IMPLICIT_RETAIN_SELF = YES;
				CLANG_WARN_OBJC_LITERAL_CONVERSION = YES;
				CLANG_WARN_OBJC_ROOT_CLASS = YES_ERROR;
				CLANG_WARN_QUOTED_INCLUDE_IN_FRAMEWORK_HEADER = YES;
				CLANG_WARN_RANGE_LOOP_ANALYSIS = YES;
				CLANG_WARN_STRICT_PROTOTYPES = YES;
				CLANG_WARN_SUSPICIOUS_MOVE = YES;
				CLANG_WARN_UNGUARDED_AVAILABILITY = YES_AGGRESSIVE;
				CLANG_WARN_UNREACHABLE_CODE = YES;
				CLANG_WARN__DUPLICATE_METHOD_MATCH = YES;
				COPY_PHASE_STRIP = NO;
				DEBUG_INFORMATION_FORMAT = "dwarf-with-dsym";
				ENABLE_NS_ASSERTIONS = NO;
				ENABLE_STRICT_OBJC_MSGSEND = YES;
				GCC_C_LANGUAGE_STANDARD = gnu11;
				GCC_NO_COMMON_BLOCKS = YES;
				GCC_WARN_64_TO_32_BIT_CONVERSION = YES;
				GCC_WARN_ABOUT_RETURN_TYPE = YES_ERROR;
				GCC_WARN_UNDECLARED_SELECTOR = YES;
				GCC_WARN_UNINITIALIZED_AUTOS = YES_AGGRESSIVE;
				GCC_WARN_UNUSED_FUNCTION = YES;
				GCC_WARN_UNUSED_VARIABLE = YES;
				IPHONEOS_DEPLOYMENT_TARGET = 16.2;
				MTL_ENABLE_DEBUG_INFO = NO;
				MTL_FAST_MATH = YES;
				SDKROOT = iphoneos;
				SWIFT_COMPILATION_MODE = wholemodule;
				SWIFT_OPTIMIZATION_LEVEL = "-O";
				VALIDATE_PRODUCT = YES;
			};
			name = Release;
		};
		66114A0829A745F800BA0915 /* Debug */ = {
			isa = XCBuildConfiguration;
			buildSettings = {
				ASSETCATALOG_COMPILER_APPICON_NAME = AppIcon;
				ASSETCATALOG_COMPILER_GLOBAL_ACCENT_COLOR_NAME = AccentColor;
				CODE_SIGN_STYLE = Automatic;
				CURRENT_PROJECT_VERSION = 1;
				DEVELOPMENT_TEAM = Q934YS22W7;
				GENERATE_INFOPLIST_FILE = YES;
				INFOPLIST_FILE = GIthubSearchClone/Info.plist;
				INFOPLIST_KEY_UIApplicationSupportsIndirectInputEvents = YES;
				INFOPLIST_KEY_UILaunchStoryboardName = LaunchScreen;
				INFOPLIST_KEY_UIMainStoryboardFile = Main;
				INFOPLIST_KEY_UISupportedInterfaceOrientations_iPad = "UIInterfaceOrientationPortrait UIInterfaceOrientationPortraitUpsideDown UIInterfaceOrientationLandscapeLeft UIInterfaceOrientationLandscapeRight";
				INFOPLIST_KEY_UISupportedInterfaceOrientations_iPhone = "UIInterfaceOrientationPortrait UIInterfaceOrientationLandscapeLeft UIInterfaceOrientationLandscapeRight";
				IPHONEOS_DEPLOYMENT_TARGET = 14.0;
				LD_RUNPATH_SEARCH_PATHS = (
					"$(inherited)",
					"@executable_path/Frameworks",
				);
				MARKETING_VERSION = 1.0;
				PRODUCT_BUNDLE_IDENTIFIER = injun.GIthubSearchClone;
				PRODUCT_NAME = "$(TARGET_NAME)";
				SWIFT_EMIT_LOC_STRINGS = YES;
				SWIFT_VERSION = 5.0;
				TARGETED_DEVICE_FAMILY = "1,2";
			};
			name = Debug;
		};
		66114A0929A745F800BA0915 /* Release */ = {
			isa = XCBuildConfiguration;
			buildSettings = {
				ASSETCATALOG_COMPILER_APPICON_NAME = AppIcon;
				ASSETCATALOG_COMPILER_GLOBAL_ACCENT_COLOR_NAME = AccentColor;
				CODE_SIGN_STYLE = Automatic;
				CURRENT_PROJECT_VERSION = 1;
				DEVELOPMENT_TEAM = Q934YS22W7;
				GENERATE_INFOPLIST_FILE = YES;
				INFOPLIST_FILE = GIthubSearchClone/Info.plist;
				INFOPLIST_KEY_UIApplicationSupportsIndirectInputEvents = YES;
				INFOPLIST_KEY_UILaunchStoryboardName = LaunchScreen;
				INFOPLIST_KEY_UIMainStoryboardFile = Main;
				INFOPLIST_KEY_UISupportedInterfaceOrientations_iPad = "UIInterfaceOrientationPortrait UIInterfaceOrientationPortraitUpsideDown UIInterfaceOrientationLandscapeLeft UIInterfaceOrientationLandscapeRight";
				INFOPLIST_KEY_UISupportedInterfaceOrientations_iPhone = "UIInterfaceOrientationPortrait UIInterfaceOrientationLandscapeLeft UIInterfaceOrientationLandscapeRight";
				IPHONEOS_DEPLOYMENT_TARGET = 14.0;
				LD_RUNPATH_SEARCH_PATHS = (
					"$(inherited)",
					"@executable_path/Frameworks",
				);
				MARKETING_VERSION = 1.0;
				PRODUCT_BUNDLE_IDENTIFIER = injun.GIthubSearchClone;
				PRODUCT_NAME = "$(TARGET_NAME)";
				SWIFT_EMIT_LOC_STRINGS = YES;
				SWIFT_VERSION = 5.0;
				TARGETED_DEVICE_FAMILY = "1,2";
			};
			name = Release;
		};
		66114A0B29A745F800BA0915 /* Debug */ = {
			isa = XCBuildConfiguration;
			buildSettings = {
				ALWAYS_EMBED_SWIFT_STANDARD_LIBRARIES = YES;
				BUNDLE_LOADER = "$(TEST_HOST)";
				CODE_SIGN_STYLE = Automatic;
				CURRENT_PROJECT_VERSION = 1;
				DEVELOPMENT_TEAM = Q934YS22W7;
				GENERATE_INFOPLIST_FILE = YES;
				IPHONEOS_DEPLOYMENT_TARGET = 16.2;
				MARKETING_VERSION = 1.0;
				PRODUCT_BUNDLE_IDENTIFIER = injun.GIthubSearchCloneTests;
				PRODUCT_NAME = "$(TARGET_NAME)";
				SWIFT_EMIT_LOC_STRINGS = NO;
				SWIFT_VERSION = 5.0;
				TARGETED_DEVICE_FAMILY = "1,2";
				TEST_HOST = "$(BUILT_PRODUCTS_DIR)/GIthubSearchClone.app/$(BUNDLE_EXECUTABLE_FOLDER_PATH)/GIthubSearchClone";
			};
			name = Debug;
		};
		66114A0C29A745F800BA0915 /* Release */ = {
			isa = XCBuildConfiguration;
			buildSettings = {
				ALWAYS_EMBED_SWIFT_STANDARD_LIBRARIES = YES;
				BUNDLE_LOADER = "$(TEST_HOST)";
				CODE_SIGN_STYLE = Automatic;
				CURRENT_PROJECT_VERSION = 1;
				DEVELOPMENT_TEAM = Q934YS22W7;
				GENERATE_INFOPLIST_FILE = YES;
				IPHONEOS_DEPLOYMENT_TARGET = 16.2;
				MARKETING_VERSION = 1.0;
				PRODUCT_BUNDLE_IDENTIFIER = injun.GIthubSearchCloneTests;
				PRODUCT_NAME = "$(TARGET_NAME)";
				SWIFT_EMIT_LOC_STRINGS = NO;
				SWIFT_VERSION = 5.0;
				TARGETED_DEVICE_FAMILY = "1,2";
				TEST_HOST = "$(BUILT_PRODUCTS_DIR)/GIthubSearchClone.app/$(BUNDLE_EXECUTABLE_FOLDER_PATH)/GIthubSearchClone";
			};
			name = Release;
		};
		66114A0E29A745F800BA0915 /* Debug */ = {
			isa = XCBuildConfiguration;
			buildSettings = {
				ALWAYS_EMBED_SWIFT_STANDARD_LIBRARIES = YES;
				CODE_SIGN_STYLE = Automatic;
				CURRENT_PROJECT_VERSION = 1;
				DEVELOPMENT_TEAM = Q934YS22W7;
				GENERATE_INFOPLIST_FILE = YES;
				MARKETING_VERSION = 1.0;
				PRODUCT_BUNDLE_IDENTIFIER = injun.GIthubSearchCloneUITests;
				PRODUCT_NAME = "$(TARGET_NAME)";
				SWIFT_EMIT_LOC_STRINGS = NO;
				SWIFT_VERSION = 5.0;
				TARGETED_DEVICE_FAMILY = "1,2";
				TEST_TARGET_NAME = GIthubSearchClone;
			};
			name = Debug;
		};
		66114A0F29A745F800BA0915 /* Release */ = {
			isa = XCBuildConfiguration;
			buildSettings = {
				ALWAYS_EMBED_SWIFT_STANDARD_LIBRARIES = YES;
				CODE_SIGN_STYLE = Automatic;
				CURRENT_PROJECT_VERSION = 1;
				DEVELOPMENT_TEAM = Q934YS22W7;
				GENERATE_INFOPLIST_FILE = YES;
				MARKETING_VERSION = 1.0;
				PRODUCT_BUNDLE_IDENTIFIER = injun.GIthubSearchCloneUITests;
				PRODUCT_NAME = "$(TARGET_NAME)";
				SWIFT_EMIT_LOC_STRINGS = NO;
				SWIFT_VERSION = 5.0;
				TARGETED_DEVICE_FAMILY = "1,2";
				TEST_TARGET_NAME = GIthubSearchClone;
			};
			name = Release;
		};
/* End XCBuildConfiguration section */

/* Begin XCConfigurationList section */
		661149D829A745F600BA0915 /* Build configuration list for PBXProject "GIthubSearchClone" */ = {
			isa = XCConfigurationList;
			buildConfigurations = (
				66114A0529A745F800BA0915 /* Debug */,
				66114A0629A745F800BA0915 /* Release */,
			);
			defaultConfigurationIsVisible = 0;
			defaultConfigurationName = Release;
		};
		66114A0729A745F800BA0915 /* Build configuration list for PBXNativeTarget "GIthubSearchClone" */ = {
			isa = XCConfigurationList;
			buildConfigurations = (
				66114A0829A745F800BA0915 /* Debug */,
				66114A0929A745F800BA0915 /* Release */,
			);
			defaultConfigurationIsVisible = 0;
			defaultConfigurationName = Release;
		};
		66114A0A29A745F800BA0915 /* Build configuration list for PBXNativeTarget "GIthubSearchCloneTests" */ = {
			isa = XCConfigurationList;
			buildConfigurations = (
				66114A0B29A745F800BA0915 /* Debug */,
				66114A0C29A745F800BA0915 /* Release */,
			);
			defaultConfigurationIsVisible = 0;
			defaultConfigurationName = Release;
		};
		66114A0D29A745F800BA0915 /* Build configuration list for PBXNativeTarget "GIthubSearchCloneUITests" */ = {
			isa = XCConfigurationList;
			buildConfigurations = (
				66114A0E29A745F800BA0915 /* Debug */,
				66114A0F29A745F800BA0915 /* Release */,
			);
			defaultConfigurationIsVisible = 0;
			defaultConfigurationName = Release;
		};
/* End XCConfigurationList section */

/* Begin XCRemoteSwiftPackageReference section */
		66114A1A29A74E6000BA0915 /* XCRemoteSwiftPackageReference "SnapKit" */ = {
			isa = XCRemoteSwiftPackageReference;
			repositoryURL = "https://github.com/SnapKit/SnapKit";
			requirement = {
				kind = upToNextMajorVersion;
				minimumVersion = 5.6.0;
			};
		};
		66114A2F29A754AB00BA0915 /* XCRemoteSwiftPackageReference "RxSwift" */ = {
			isa = XCRemoteSwiftPackageReference;
			repositoryURL = "https://github.com/ReactiveX/RxSwift";
			requirement = {
				kind = upToNextMajorVersion;
				minimumVersion = 6.5.0;
			};
		};
		66CE4B4329A91A6900A61D92 /* XCRemoteSwiftPackageReference "realm-swift" */ = {
			isa = XCRemoteSwiftPackageReference;
			repositoryURL = "https://github.com/realm/realm-swift";
			requirement = {
				kind = upToNextMajorVersion;
				minimumVersion = 10.36.0;
			};
		};
		66CE4B4829A91A8E00A61D92 /* XCRemoteSwiftPackageReference "RxRealm" */ = {
			isa = XCRemoteSwiftPackageReference;
			repositoryURL = "https://github.com/RxSwiftCommunity/RxRealm";
			requirement = {
				kind = upToNextMajorVersion;
				minimumVersion = 5.0.5;
			};
		};
/* End XCRemoteSwiftPackageReference section */

/* Begin XCSwiftPackageProductDependency section */
		66114A1B29A74E6000BA0915 /* SnapKit */ = {
			isa = XCSwiftPackageProductDependency;
			package = 66114A1A29A74E6000BA0915 /* XCRemoteSwiftPackageReference "SnapKit" */;
			productName = SnapKit;
		};
		66114A3029A754AB00BA0915 /* RxBlocking */ = {
			isa = XCSwiftPackageProductDependency;
			package = 66114A2F29A754AB00BA0915 /* XCRemoteSwiftPackageReference "RxSwift" */;
			productName = RxBlocking;
		};
		66114A3229A754AB00BA0915 /* RxCocoa */ = {
			isa = XCSwiftPackageProductDependency;
			package = 66114A2F29A754AB00BA0915 /* XCRemoteSwiftPackageReference "RxSwift" */;
			productName = RxCocoa;
		};
		66114A3429A754AB00BA0915 /* RxRelay */ = {
			isa = XCSwiftPackageProductDependency;
			package = 66114A2F29A754AB00BA0915 /* XCRemoteSwiftPackageReference "RxSwift" */;
			productName = RxRelay;
		};
		66114A3629A754AB00BA0915 /* RxSwift */ = {
			isa = XCSwiftPackageProductDependency;
			package = 66114A2F29A754AB00BA0915 /* XCRemoteSwiftPackageReference "RxSwift" */;
			productName = RxSwift;
		};
		66CE4B4429A91A6900A61D92 /* Realm */ = {
			isa = XCSwiftPackageProductDependency;
			package = 66CE4B4329A91A6900A61D92 /* XCRemoteSwiftPackageReference "realm-swift" */;
			productName = Realm;
		};
		66CE4B4629A91A6900A61D92 /* RealmSwift */ = {
			isa = XCSwiftPackageProductDependency;
			package = 66CE4B4329A91A6900A61D92 /* XCRemoteSwiftPackageReference "realm-swift" */;
			productName = RealmSwift;
		};
		66CE4B4929A91A8E00A61D92 /* RxRealm */ = {
			isa = XCSwiftPackageProductDependency;
			package = 66CE4B4829A91A8E00A61D92 /* XCRemoteSwiftPackageReference "RxRealm" */;
			productName = RxRealm;
		};
/* End XCSwiftPackageProductDependency section */
	};
	rootObject = 661149D529A745F600BA0915 /* Project object */;
}
