{
  "pins" : [
    {
      "identity" : "realm-core",
      "kind" : "remoteSourceControl",
      "location" : "https://github.com/realm/realm-core.git",
      "state" : {
        "revision" : "a7d486d07b821e28ffd3587e99355a63148cbb43",
        "version" : "13.4.1"
      }
    },
    {
      "identity" : "realm-swift",
      "kind" : "remoteSourceControl",
      "location" : "https://github.com/realm/realm-swift",
      "state" : {
        "revision" : "4d55ba88e78ed427eae439e7c15fac2372f95c64",
        "version" : "10.36.0"
      }
    },
    {
      "identity" : "rxrealm",
      "kind" : "remoteSourceControl",
      "location" : "https://github.com/RxSwiftCommunity/RxRealm",
      "state" : {
        "revision" : "a7de576348d48286d8b100a501f757a1c531f1dd",
        "version" : "5.0.5"
      }
    },
    {
      "identity" : "rxswift",
      "kind" : "remoteSourceControl",
      "location" : "https://github.com/ReactiveX/RxSwift",
      "state" : {
        "revision" : "b4307ba0b6425c0ba4178e138799946c3da594f8",
        "version" : "6.5.0"
      }
    },
    {
      "identity" : "snapkit",
      "kind" : "remoteSourceControl",
      "location" : "https://github.com/SnapKit/SnapKit",
      "state" : {
        "revision" : "f222cbdf325885926566172f6f5f06af95473158",
        "version" : "5.6.0"
      }
    }
  ],
  "version" : 2
}
